<?xml version="1.0" encoding="utf-8"?>
<Project ToolsVersion="4.0" xmlns="http://schemas.microsoft.com/developer/msbuild/2003">
  <ItemGroup>
    <Filter Include="소스 파일">
      <UniqueIdentifier>{4FC737F1-C7A5-4376-A066-2A32D752A2FF}</UniqueIdentifier>
      <Extensions>cpp;c;cc;cxx;c++;cppm;ixx;def;odl;idl;hpj;bat;asm;asmx</Extensions>
    </Filter>
  </ItemGroup>
  <ItemGroup>
    <ClCompile Include="c++20.cpp">
      <Filter>소스 파일</Filter>
    </ClCompile>
    <ClCompile Include="module.cpp">
      <Filter>소스 파일</Filter>
    </ClCompile>
    <ClCompile Include="Math.ixx">
      <Filter>소스 파일</Filter>
    </ClCompile>
    <ClCompile Include="Math_Time.ixx">
      <Filter>소스 파일</Filter>
    </ClCompile>
    <ClCompile Include="MathPartition.ixx">
      <Filter>소스 파일</Filter>
    </ClCompile>
    <ClCompile Include="MathPartition_1.ixx">
      <Filter>소스 파일</Filter>
    </ClCompile>
    <ClCompile Include="MathPartition_2.ixx">
      <Filter>소스 파일</Filter>
    </ClCompile>
    <ClCompile Include="Range.cpp">
      <Filter>소스 파일</Filter>
    </ClCompile>
    <ClCompile Include="Coroutine.cpp">
      <Filter>소스 파일</Filter>
    </ClCompile>
    <ClCompile Include="MyCoroutine.cpp">
      <Filter>소스 파일</Filter>
    </ClCompile>
    <ClCompile Include="Three-wayComparsion.cpp">
      <Filter>소스 파일</Filter>
    </ClCompile>
    <ClCompile Include="Designated.cpp">
      <Filter>소스 파일</Filter>
    </ClCompile>
    <ClCompile Include="ConstEval_Constinit .cpp">
      <Filter>소스 파일</Filter>
    </ClCompile>
    <ClCompile Include="conditionalltExplicitConstructor.cpp">
      <Filter>소스 파일</Filter>
    </ClCompile>
    <ClCompile Include="EnumInLocalScopes.cpp">
      <Filter>소스 파일</Filter>
    </ClCompile>
    <ClCompile Include="Range-BasedForLoop .cpp">
      <Filter>소스 파일</Filter>
    </ClCompile>
    <ClCompile Include="Attribute.cpp">
      <Filter>소스 파일</Filter>
    </ClCompile>
  </ItemGroup>
  <ItemGroup>
    <ClInclude Include="MyCoroutine.h">
      <Filter>소스 파일</Filter>
    </ClInclude>
  </ItemGroup>
</Project>